
Microsoft Visual Studio Solution File, Format Version 12.00
# Visual Studio 14
VisualStudioVersion = 14.0.25420.1
MinimumVisualStudioVersion = 10.0.40219.1
Project("{FAE04EC0-301F-11D3-BF4B-00C04F79EFBC}") = "Twill", "Twill\Twill.csproj", "{85C1B724-2680-4BCA-BF38-527E82811D76}"
EndProject
Project("{2150E333-8FDC-42A3-9474-1A3956D46DE8}") = "Units", "Units", "{284E64FA-456F-47ED-8FA6-971C22E76B0B}"
EndProject
Project("{FAE04EC0-301F-11D3-BF4B-00C04F79EFBC}") = "Twill.Units", "Twill.Units\Twill.Units.csproj", "{93E93613-F2ED-4B5C-82EE-1E2A77416223}"
	ProjectSection(ProjectDependencies) = postProject
		{85C1B724-2680-4BCA-BF38-527E82811D76} = {85C1B724-2680-4BCA-BF38-527E82811D76}
	EndProjectSection
EndProject
Project("{2150E333-8FDC-42A3-9474-1A3956D46DE8}") = "Configs", "Configs", "{F596DC9B-85BA-4F1C-8687-A8B0685F21E6}"
	ProjectSection(SolutionItems) = preProject
		Congifs\App.config = Congifs\App.config
	EndProjectSection
EndProject
Project("{2150E333-8FDC-42A3-9474-1A3956D46DE8}") = "UI", "UI", "{F72D895F-007C-40B6-993E-A4F0E142A004}"
EndProject
Project("{FAE04EC0-301F-11D3-BF4B-00C04F79EFBC}") = "Twill.UI", "Twill.UI\Twill.UI.csproj", "{B36DF20A-37BB-4821-826C-DCAE075AADC4}"
EndProject
Project("{FAE04EC0-301F-11D3-BF4B-00C04F79EFBC}") = "Twill.UI.Core", "Twill.UI.Core\Twill.UI.Core.csproj", "{D5E67F88-3DB5-4B48-8964-50590D2DD801}"
EndProject
Project("{2150E333-8FDC-42A3-9474-1A3956D46DE8}") = "Icons", "Icons", "{229FEDFE-47AE-4C3C-A1CB-46C789C14E9A}"
	ProjectSection(SolutionItems) = preProject
		Icons\tray.ico = Icons\tray.ico
	EndProjectSection
EndProject
Project("{2150E333-8FDC-42A3-9474-1A3956D46DE8}") = "Fonts", "Fonts", "{9F28B896-CC33-449D-B9FF-FFAF6A809DF3}"
	ProjectSection(SolutionItems) = preProject
		Fonts\VLADIMIR.TTF = Fonts\VLADIMIR.TTF
	EndProjectSection
EndProject
Global
	GlobalSection(SolutionConfigurationPlatforms) = preSolution
		Debug|Any CPU = Debug|Any CPU
		Release|Any CPU = Release|Any CPU
	EndGlobalSection
	GlobalSection(ProjectConfigurationPlatforms) = postSolution
		{85C1B724-2680-4BCA-BF38-527E82811D76}.Debug|Any CPU.ActiveCfg = Debug|Any CPU
		{85C1B724-2680-4BCA-BF38-527E82811D76}.Debug|Any CPU.Build.0 = Debug|Any CPU
		{85C1B724-2680-4BCA-BF38-527E82811D76}.Release|Any CPU.ActiveCfg = Release|Any CPU
		{85C1B724-2680-4BCA-BF38-527E82811D76}.Release|Any CPU.Build.0 = Release|Any CPU
		{93E93613-F2ED-4B5C-82EE-1E2A77416223}.Debug|Any CPU.ActiveCfg = Debug|Any CPU
		{93E93613-F2ED-4B5C-82EE-1E2A77416223}.Debug|Any CPU.Build.0 = Debug|Any CPU
		{93E93613-F2ED-4B5C-82EE-1E2A77416223}.Release|Any CPU.ActiveCfg = Release|Any CPU
		{93E93613-F2ED-4B5C-82EE-1E2A77416223}.Release|Any CPU.Build.0 = Release|Any CPU
		{B36DF20A-37BB-4821-826C-DCAE075AADC4}.Debug|Any CPU.ActiveCfg = Debug|Any CPU
		{B36DF20A-37BB-4821-826C-DCAE075AADC4}.Debug|Any CPU.Build.0 = Debug|Any CPU
		{B36DF20A-37BB-4821-826C-DCAE075AADC4}.Release|Any CPU.ActiveCfg = Release|Any CPU
		{B36DF20A-37BB-4821-826C-DCAE075AADC4}.Release|Any CPU.Build.0 = Release|Any CPU
		{D5E67F88-3DB5-4B48-8964-50590D2DD801}.Debug|Any CPU.ActiveCfg = Debug|Any CPU
		{D5E67F88-3DB5-4B48-8964-50590D2DD801}.Debug|Any CPU.Build.0 = Debug|Any CPU
		{D5E67F88-3DB5-4B48-8964-50590D2DD801}.Release|Any CPU.ActiveCfg = Release|Any CPU
		{D5E67F88-3DB5-4B48-8964-50590D2DD801}.Release|Any CPU.Build.0 = Release|Any CPU
	EndGlobalSection
	GlobalSection(SolutionProperties) = preSolution
		HideSolutionNode = FALSE
	EndGlobalSection
	GlobalSection(NestedProjects) = preSolution
		{93E93613-F2ED-4B5C-82EE-1E2A77416223} = {284E64FA-456F-47ED-8FA6-971C22E76B0B}
		{B36DF20A-37BB-4821-826C-DCAE075AADC4} = {F72D895F-007C-40B6-993E-A4F0E142A004}
		{D5E67F88-3DB5-4B48-8964-50590D2DD801} = {F72D895F-007C-40B6-993E-A4F0E142A004}
	EndGlobalSection
EndGlobal
